
Microsoft Visual Studio Solution File, Format Version 12.00
# Visual Studio Version 16
VisualStudioVersion = 16.0.29509.3
MinimumVisualStudioVersion = 10.0.40219.1
Project("{FAE04EC0-301F-11D3-BF4B-00C04F79EFBC}") = "ToDo", "ToDo\ToDo.csproj", "{36CEEE60-1C3B-435F-93E7-69A0D137927B}"
EndProject
Global
	GlobalSection(SolutionConfigurationPlatforms) = preSolution
		Debug|Any CPU = Debug|Any CPU
		Release|Any CPU = Release|Any CPU
	EndGlobalSection
	GlobalSection(ProjectConfigurationPlatforms) = postSolution
		{36CEEE60-1C3B-435F-93E7-69A0D137927B}.Debug|Any CPU.ActiveCfg = Debug|Any CPU
		{36CEEE60-1C3B-435F-93E7-69A0D137927B}.Debug|Any CPU.Build.0 = Debug|Any CPU
		{36CEEE60-1C3B-435F-93E7-69A0D137927B}.Release|Any CPU.ActiveCfg = Release|Any CPU
		{36CEEE60-1C3B-435F-93E7-69A0D137927B}.Release|Any CPU.Build.0 = Release|Any CPU
	EndGlobalSection
	GlobalSection(SolutionProperties) = preSolution
		HideSolutionNode = FALSE
	EndGlobalSection
	GlobalSection(ExtensibilityGlobals) = postSolution
		SolutionGuid = {5C770E95-4466-4C82-9F9D-0AF1B8AC740A}
	EndGlobalSection
EndGlobal
